
Microsoft Visual Studio Solution File, Format Version 12.00
# Visual Studio Version 17
VisualStudioVersion = 17.8.34309.116
MinimumVisualStudioVersion = 10.0.40219.1
Project("{FAE04EC0-301F-11D3-BF4B-00C04F79EFBC}") = "Opakovani", "Trening\Opakovani.csproj", "{C9DF7C2D-8866-4C1C-8B26-964F27A7145D}"
EndProject
Global
	GlobalSection(SolutionConfigurationPlatforms) = preSolution
		Debug|Any CPU = Debug|Any CPU
		Release|Any CPU = Release|Any CPU
	EndGlobalSection
	GlobalSection(ProjectConfigurationPlatforms) = postSolution
		{C9DF7C2D-8866-4C1C-8B26-964F27A7145D}.Debug|Any CPU.ActiveCfg = Debug|Any CPU
		{C9DF7C2D-8866-4C1C-8B26-964F27A7145D}.Debug|Any CPU.Build.0 = Debug|Any CPU
		{C9DF7C2D-8866-4C1C-8B26-964F27A7145D}.Release|Any CPU.ActiveCfg = Release|Any CPU
		{C9DF7C2D-8866-4C1C-8B26-964F27A7145D}.Release|Any CPU.Build.0 = Release|Any CPU
	EndGlobalSection
	GlobalSection(SolutionProperties) = preSolution
		HideSolutionNode = FALSE
	EndGlobalSection
	GlobalSection(ExtensibilityGlobals) = postSolution
		SolutionGuid = {FFD79989-F65C-44D9-B8D1-A61EE062D036}
	EndGlobalSection
EndGlobal
